// !$*UTF8*$!
{
	archiveVersion = 1;
	classes = {
	};
	objectVersion = 46;
	objects = {

/* Begin PBXBuildFile section */
		21B87DD81F3968A700D3563C /* main.m in Sources */ = {isa = PBXBuildFile; fileRef = 21B87DD71F3968A700D3563C /* main.m */; };
		21B87DDB1F3968A700D3563C /* AppDelegate.m in Sources */ = {isa = PBXBuildFile; fileRef = 21B87DDA1F3968A700D3563C /* AppDelegate.m */; };
		21B87DDE1F3968A700D3563C /* ViewController.m in Sources */ = {isa = PBXBuildFile; fileRef = 21B87DDD1F3968A700D3563C /* ViewController.m */; };
		21B87DE11F3968A700D3563C /* Main.storyboard in Resources */ = {isa = PBXBuildFile; fileRef = 21B87DDF1F3968A700D3563C /* Main.storyboard */; };
		21B87DE31F3968A700D3563C /* Assets.xcassets in Resources */ = {isa = PBXBuildFile; fileRef = 21B87DE21F3968A700D3563C /* Assets.xcassets */; };
		21B87DE61F3968A700D3563C /* LaunchScreen.storyboard in Resources */ = {isa = PBXBuildFile; fileRef = 21B87DE41F3968A700D3563C /* LaunchScreen.storyboard */; };
		21B87DF11F3968A700D3563C /* Fill_SelectTests.m in Sources */ = {isa = PBXBuildFile; fileRef = 21B87DF01F3968A700D3563C /* Fill_SelectTests.m */; };
		21B87DFC1F3968A700D3563C /* Fill_SelectUITests.m in Sources */ = {isa = PBXBuildFile; fileRef = 21B87DFB1F3968A700D3563C /* Fill_SelectUITests.m */; };
/* End PBXBuildFile section */

/* Begin PBXContainerItemProxy section */
		21B87DED1F3968A700D3563C /* PBXContainerItemProxy */ = {
			isa = PBXContainerItemProxy;
			containerPortal = 21B87DCB1F3968A700D3563C /* Project object */;
			proxyType = 1;
			remoteGlobalIDString = 21B87DD21F3968A700D3563C;
			remoteInfo = "Fill-Select";
		};
		21B87DF81F3968A700D3563C /* PBXContainerItemProxy */ = {
			isa = PBXContainerItemProxy;
			containerPortal = 21B87DCB1F3968A700D3563C /* Project object */;
			proxyType = 1;
			remoteGlobalIDString = 21B87DD21F3968A700D3563C;
			remoteInfo = "Fill-Select";
		};
/* End PBXContainerItemProxy section */

/* Begin PBXFileReference section */
		21B87DD31F3968A700D3563C /* Fill-Select.app */ = {isa = PBXFileReference; explicitFileType = wrapper.application; includeInIndex = 0; path = "Fill-Select.app"; sourceTree = BUILT_PRODUCTS_DIR; };
		21B87DD71F3968A700D3563C /* main.m */ = {isa = PBXFileReference; lastKnownFileType = sourcecode.c.objc; path = main.m; sourceTree = "<group>"; };
		21B87DD91F3968A700D3563C /* AppDelegate.h */ = {isa = PBXFileReference; lastKnownFileType = sourcecode.c.h; path = AppDelegate.h; sourceTree = "<group>"; };
		21B87DDA1F3968A700D3563C /* AppDelegate.m */ = {isa = PBXFileReference; lastKnownFileType = sourcecode.c.objc; path = AppDelegate.m; sourceTree = "<group>"; };
		21B87DDC1F3968A700D3563C /* ViewController.h */ = {isa = PBXFileReference; lastKnownFileType = sourcecode.c.h; path = ViewController.h; sourceTree = "<group>"; };
		21B87DDD1F3968A700D3563C /* ViewController.m */ = {isa = PBXFileReference; lastKnownFileType = sourcecode.c.objc; path = ViewController.m; sourceTree = "<group>"; };
		21B87DE01F3968A700D3563C /* Base */ = {isa = PBXFileReference; lastKnownFileType = file.storyboard; name = Base; path = Base.lproj/Main.storyboard; sourceTree = "<group>"; };
		21B87DE21F3968A700D3563C /* Assets.xcassets */ = {isa = PBXFileReference; lastKnownFileType = folder.assetcatalog; path = Assets.xcassets; sourceTree = "<group>"; };
		21B87DE51F3968A700D3563C /* Base */ = {isa = PBXFileReference; lastKnownFileType = file.storyboard; name = Base; path = Base.lproj/LaunchScreen.storyboard; sourceTree = "<group>"; };
		21B87DE71F3968A700D3563C /* Info.plist */ = {isa = PBXFileReference; lastKnownFileType = text.plist.xml; path = Info.plist; sourceTree = "<group>"; };
		21B87DEC1F3968A700D3563C /* Fill-SelectTests.xctest */ = {isa = PBXFileReference; explicitFileType = wrapper.cfbundle; includeInIndex = 0; path = "Fill-SelectTests.xctest"; sourceTree = BUILT_PRODUCTS_DIR; };
		21B87DF01F3968A700D3563C /* Fill_SelectTests.m */ = {isa = PBXFileReference; lastKnownFileType = sourcecode.c.objc; path = Fill_SelectTests.m; sourceTree = "<group>"; };
		21B87DF21F3968A700D3563C /* Info.plist */ = {isa = PBXFileReference; lastKnownFileType = text.plist.xml; path = Info.plist; sourceTree = "<group>"; };
		21B87DF71F3968A700D3563C /* Fill-SelectUITests.xctest */ = {isa = PBXFileReference; explicitFileType = wrapper.cfbundle; includeInIndex = 0; path = "Fill-SelectUITests.xctest"; sourceTree = BUILT_PRODUCTS_DIR; };
		21B87DFB1F3968A700D3563C /* Fill_SelectUITests.m */ = {isa = PBXFileReference; lastKnownFileType = sourcecode.c.objc; path = Fill_SelectUITests.m; sourceTree = "<group>"; };
		21B87DFD1F3968A700D3563C /* Info.plist */ = {isa = PBXFileReference; lastKnownFileType = text.plist.xml; path = Info.plist; sourceTree = "<group>"; };
/* End PBXFileReference section */

/* Begin PBXFrameworksBuildPhase section */
		21B87DD01F3968A700D3563C /* Frameworks */ = {
			isa = PBXFrameworksBuildPhase;
			buildActionMask = 2147483647;
			files = (
			);
			runOnlyForDeploymentPostprocessing = 0;
		};
		21B87DE91F3968A700D3563C /* Frameworks */ = {
			isa = PBXFrameworksBuildPhase;
			buildActionMask = 2147483647;
			files = (
			);
			runOnlyForDeploymentPostprocessing = 0;
		};
		21B87DF41F3968A700D3563C /* Frameworks */ = {
			isa = PBXFrameworksBuildPhase;
			buildActionMask = 2147483647;
			files = (
			);
			runOnlyForDeploymentPostprocessing = 0;
		};
/* End PBXFrameworksBuildPhase section */

/* Begin PBXGroup section */
		21B87DCA1F3968A700D3563C = {
			isa = PBXGroup;
			children = (
				21B87DD51F3968A700D3563C /* Fill-Select */,
				21B87DEF1F3968A700D3563C /* Fill-SelectTests */,
				21B87DFA1F3968A700D3563C /* Fill-SelectUITests */,
				21B87DD41F3968A700D3563C /* Products */,
			);
			sourceTree = "<group>";
		};
		21B87DD41F3968A700D3563C /* Products */ = {
			isa = PBXGroup;
			children = (
				21B87DD31F3968A700D3563C /* Fill-Select.app */,
				21B87DEC1F3968A700D3563C /* Fill-SelectTests.xctest */,
				21B87DF71F3968A700D3563C /* Fill-SelectUITests.xctest */,
			);
			name = Products;
			sourceTree = "<group>";
		};
		21B87DD51F3968A700D3563C /* Fill-Select */ = {
			isa = PBXGroup;
			children = (
				21B87DD91F3968A700D3563C /* AppDelegate.h */,
				21B87DDA1F3968A700D3563C /* AppDelegate.m */,
				21B87DDC1F3968A700D3563C /* ViewController.h */,
				21B87DDD1F3968A700D3563C /* ViewController.m */,
				21B87DDF1F3968A700D3563C /* Main.storyboard */,
				21B87DE21F3968A700D3563C /* Assets.xcassets */,
				21B87DE41F3968A700D3563C /* LaunchScreen.storyboard */,
				21B87DE71F3968A700D3563C /* Info.plist */,
				21B87DD61F3968A700D3563C /* Supporting Files */,
			);
			path = "Fill-Select";
			sourceTree = "<group>";
		};
		21B87DD61F3968A700D3563C /* Supporting Files */ = {
			isa = PBXGroup;
			children = (
				21B87DD71F3968A700D3563C /* main.m */,
			);
			name = "Supporting Files";
			sourceTree = "<group>";
		};
		21B87DEF1F3968A700D3563C /* Fill-SelectTests */ = {
			isa = PBXGroup;
			children = (
				21B87DF01F3968A700D3563C /* Fill_SelectTests.m */,
				21B87DF21F3968A700D3563C /* Info.plist */,
			);
			path = "Fill-SelectTests";
			sourceTree = "<group>";
		};
		21B87DFA1F3968A700D3563C /* Fill-SelectUITests */ = {
			isa = PBXGroup;
			children = (
				21B87DFB1F3968A700D3563C /* Fill_SelectUITests.m */,
				21B87DFD1F3968A700D3563C /* Info.plist */,
			);
			path = "Fill-SelectUITests";
			sourceTree = "<group>";
		};
/* End PBXGroup section */

/* Begin PBXNativeTarget section */
		21B87DD21F3968A700D3563C /* Fill-Select */ = {
			isa = PBXNativeTarget;
			buildConfigurationList = 21B87E001F3968A700D3563C /* Build configuration list for PBXNativeTarget "Fill-Select" */;
			buildPhases = (
				21B87DCF1F3968A700D3563C /* Sources */,
				21B87DD01F3968A700D3563C /* Frameworks */,
				21B87DD11F3968A700D3563C /* Resources */,
			);
			buildRules = (
			);
			dependencies = (
			);
			name = "Fill-Select";
			productName = "Fill-Select";
			productReference = 21B87DD31F3968A700D3563C /* Fill-Select.app */;
			productType = "com.apple.product-type.application";
		};
		21B87DEB1F3968A700D3563C /* Fill-SelectTests */ = {
			isa = PBXNativeTarget;
			buildConfigurationList = 21B87E031F3968A700D3563C /* Build configuration list for PBXNativeTarget "Fill-SelectTests" */;
			buildPhases = (
				21B87DE81F3968A700D3563C /* Sources */,
				21B87DE91F3968A700D3563C /* Frameworks */,
				21B87DEA1F3968A700D3563C /* Resources */,
			);
			buildRules = (
			);
			dependencies = (
				21B87DEE1F3968A700D3563C /* PBXTargetDependency */,
			);
			name = "Fill-SelectTests";
			productName = "Fill-SelectTests";
			productReference = 21B87DEC1F3968A700D3563C /* Fill-SelectTests.xctest */;
			productType = "com.apple.product-type.bundle.unit-test";
		};
		21B87DF61F3968A700D3563C /* Fill-SelectUITests */ = {
			isa = PBXNativeTarget;
			buildConfigurationList = 21B87E061F3968A700D3563C /* Build configuration list for PBXNativeTarget "Fill-SelectUITests" */;
			buildPhases = (
				21B87DF31F3968A700D3563C /* Sources */,
				21B87DF41F3968A700D3563C /* Frameworks */,
				21B87DF51F3968A700D3563C /* Resources */,
			);
			buildRules = (
			);
			dependencies = (
				21B87DF91F3968A700D3563C /* PBXTargetDependency */,
			);
			name = "Fill-SelectUITests";
			productName = "Fill-SelectUITests";
			productReference = 21B87DF71F3968A700D3563C /* Fill-SelectUITests.xctest */;
			productType = "com.apple.product-type.bundle.ui-testing";
		};
/* End PBXNativeTarget section */

/* Begin PBXProject section */
		21B87DCB1F3968A700D3563C /* Project object */ = {
			isa = PBXProject;
			attributes = {
				LastUpgradeCheck = 0830;
				ORGANIZATIONNAME = com.TulipSport;
				TargetAttributes = {
					21B87DD21F3968A700D3563C = {
						CreatedOnToolsVersion = 8.3.2;
						DevelopmentTeam = 246A9D29DN;
						ProvisioningStyle = Automatic;
					};
					21B87DEB1F3968A700D3563C = {
						CreatedOnToolsVersion = 8.3.2;
						DevelopmentTeam = 246A9D29DN;
						ProvisioningStyle = Automatic;
						TestTargetID = 21B87DD21F3968A700D3563C;
					};
					21B87DF61F3968A700D3563C = {
						CreatedOnToolsVersion = 8.3.2;
						DevelopmentTeam = 246A9D29DN;
						ProvisioningStyle = Automatic;
						TestTargetID = 21B87DD21F3968A700D3563C;
					};
				};
			};
			buildConfigurationList = 21B87DCE1F3968A700D3563C /* Build configuration list for PBXProject "Fill-Select" */;
			compatibilityVersion = "Xcode 3.2";
			developmentRegion = English;
			hasScannedForEncodings = 0;
			knownRegions = (
				en,
				Base,
			);
			mainGroup = 21B87DCA1F3968A700D3563C;
			productRefGroup = 21B87DD41F3968A700D3563C /* Products */;
			projectDirPath = "";
			projectRoot = "";
			targets = (
				21B87DD21F3968A700D3563C /* Fill-Select */,
				21B87DEB1F3968A700D3563C /* Fill-SelectTests */,
				21B87DF61F3968A700D3563C /* Fill-SelectUITests */,
			);
		};
/* End PBXProject section */

/* Begin PBXResourcesBuildPhase section */
		21B87DD11F3968A700D3563C /* Resources */ = {
			isa = PBXResourcesBuildPhase;
			buildActionMask = 2147483647;
			files = (
				21B87DE61F3968A700D3563C /* LaunchScreen.storyboard in Resources */,
				21B87DE31F3968A700D3563C /* Assets.xcassets in Resources */,
				21B87DE11F3968A700D3563C /* Main.storyboard in Resources */,
			);
			runOnlyForDeploymentPostprocessing = 0;
		};
		21B87DEA1F3968A700D3563C /* Resources */ = {
			isa = PBXResourcesBuildPhase;
			buildActionMask = 2147483647;
			files = (
			);
			runOnlyForDeploymentPostprocessing = 0;
		};
		21B87DF51F3968A700D3563C /* Resources */ = {
			isa = PBXResourcesBuildPhase;
			buildActionMask = 2147483647;
			files = (
			);
			runOnlyForDeploymentPostprocessing = 0;
		};
/* End PBXResourcesBuildPhase section */

/* Begin PBXSourcesBuildPhase section */
		21B87DCF1F3968A700D3563C /* Sources */ = {
			isa = PBXSourcesBuildPhase;
			buildActionMask = 2147483647;
			files = (
				21B87DDE1F3968A700D3563C /* ViewController.m in Sources */,
				21B87DDB1F3968A700D3563C /* AppDelegate.m in Sources */,
				21B87DD81F3968A700D3563C /* main.m in Sources */,
			);
			runOnlyForDeploymentPostprocessing = 0;
		};
		21B87DE81F3968A700D3563C /* Sources */ = {
			isa = PBXSourcesBuildPhase;
			buildActionMask = 2147483647;
			files = (
				21B87DF11F3968A700D3563C /* Fill_SelectTests.m in Sources */,
			);
			runOnlyForDeploymentPostprocessing = 0;
		};
		21B87DF31F3968A700D3563C /* Sources */ = {
			isa = PBXSourcesBuildPhase;
			buildActionMask = 2147483647;
			files = (
				21B87DFC1F3968A700D3563C /* Fill_SelectUITests.m in Sources */,
			);
			runOnlyForDeploymentPostprocessing = 0;
		};
/* End PBXSourcesBuildPhase section */

/* Begin PBXTargetDependency section */
		21B87DEE1F3968A700D3563C /* PBXTargetDependency */ = {
			isa = PBXTargetDependency;
			target = 21B87DD21F3968A700D3563C /* Fill-Select */;
			targetProxy = 21B87DED1F3968A700D3563C /* PBXContainerItemProxy */;
		};
		21B87DF91F3968A700D3563C /* PBXTargetDependency */ = {
			isa = PBXTargetDependency;
			target = 21B87DD21F3968A700D3563C /* Fill-Select */;
			targetProxy = 21B87DF81F3968A700D3563C /* PBXContainerItemProxy */;
		};
/* End PBXTargetDependency section */

/* Begin PBXVariantGroup section */
		21B87DDF1F3968A700D3563C /* Main.storyboard */ = {
			isa = PBXVariantGroup;
			children = (
				21B87DE01F3968A700D3563C /* Base */,
			);
			name = Main.storyboard;
			sourceTree = "<group>";
		};
		21B87DE41F3968A700D3563C /* LaunchScreen.storyboard */ = {
			isa = PBXVariantGroup;
			children = (
				21B87DE51F3968A700D3563C /* Base */,
			);
			name = LaunchScreen.storyboard;
			sourceTree = "<group>";
		};
/* End PBXVariantGroup section */

/* Begin XCBuildConfiguration section */
		21B87DFE1F3968A700D3563C /* Debug */ = {
			isa = XCBuildConfiguration;
			buildSettings = {
				ALWAYS_SEARCH_USER_PATHS = NO;
				CLANG_ANALYZER_NONNULL = YES;
				CLANG_ANALYZER_NUMBER_OBJECT_CONVERSION = YES_AGGRESSIVE;
				CLANG_CXX_LANGUAGE_STANDARD = "gnu++0x";
				CLANG_CXX_LIBRARY = "libc++";
				CLANG_ENABLE_MODULES = YES;
				CLANG_ENABLE_OBJC_ARC = YES;
				CLANG_WARN_BOOL_CONVERSION = YES;
				CLANG_WARN_CONSTANT_CONVERSION = YES;
				CLANG_WARN_DIRECT_OBJC_ISA_USAGE = YES_ERROR;
				CLANG_WARN_DOCUMENTATION_COMMENTS = YES;
				CLANG_WARN_EMPTY_BODY = YES;
				CLANG_WARN_ENUM_CONVERSION = YES;
				CLANG_WARN_INFINITE_RECURSION = YES;
				CLANG_WARN_INT_CONVERSION = YES;
				CLANG_WARN_OBJC_ROOT_CLASS = YES_ERROR;
				CLANG_WARN_SUSPICIOUS_MOVE = YES;
				CLANG_WARN_UNREACHABLE_CODE = YES;
				CLANG_WARN__DUPLICATE_METHOD_MATCH = YES;
				"CODE_SIGN_IDENTITY[sdk=iphoneos*]" = "iPhone Developer";
				COPY_PHASE_STRIP = NO;
				DEBUG_INFORMATION_FORMAT = dwarf;
				ENABLE_STRICT_OBJC_MSGSEND = YES;
				ENABLE_TESTABILITY = YES;
				GCC_C_LANGUAGE_STANDARD = gnu99;
				GCC_DYNAMIC_NO_PIC = NO;
				GCC_NO_COMMON_BLOCKS = YES;
				GCC_OPTIMIZATION_LEVEL = 0;
				GCC_PREPROCESSOR_DEFINITIONS = (
					"DEBUG=1",
					"$(inherited)",
				);
				GCC_WARN_64_TO_32_BIT_CONVERSION = YES;
				GCC_WARN_ABOUT_RETURN_TYPE = YES_ERROR;
				GCC_WARN_UNDECLARED_SELECTOR = YES;
				GCC_WARN_UNINITIALIZED_AUTOS = YES_AGGRESSIVE;
				GCC_WARN_UNUSED_FUNCTION = YES;
				GCC_WARN_UNUSED_VARIABLE = YES;
				IPHONEOS_DEPLOYMENT_TARGET = 10.3;
				MTL_ENABLE_DEBUG_INFO = YES;
				ONLY_ACTIVE_ARCH = YES;
				SDKROOT = iphoneos;
			};
			name = Debug;
		};
		21B87DFF1F3968A700D3563C /* Release */ = {
			isa = XCBuildConfiguration;
			buildSettings = {
				ALWAYS_SEARCH_USER_PATHS = NO;
				CLANG_ANALYZER_NONNULL = YES;
				CLANG_ANALYZER_NUMBER_OBJECT_CONVERSION = YES_AGGRESSIVE;
				CLANG_CXX_LANGUAGE_STANDARD = "gnu++0x";
				CLANG_CXX_LIBRARY = "libc++";
				CLANG_ENABLE_MODULES = YES;
				CLANG_ENABLE_OBJC_ARC = YES;
				CLANG_WARN_BOOL_CONVERSION = YES;
				CLANG_WARN_CONSTANT_CONVERSION = YES;
				CLANG_WARN_DIRECT_OBJC_ISA_USAGE = YES_ERROR;
				CLANG_WARN_DOCUMENTATION_COMMENTS = YES;
				CLANG_WARN_EMPTY_BODY = YES;
				CLANG_WARN_ENUM_CONVERSION = YES;
				CLANG_WARN_INFINITE_RECURSION = YES;
				CLANG_WARN_INT_CONVERSION = YES;
				CLANG_WARN_OBJC_ROOT_CLASS = YES_ERROR;
				CLANG_WARN_SUSPICIOUS_MOVE = YES;
				CLANG_WARN_UNREACHABLE_CODE = YES;
				CLANG_WARN__DUPLICATE_METHOD_MATCH = YES;
				"CODE_SIGN_IDENTITY[sdk=iphoneos*]" = "iPhone Developer";
				COPY_PHASE_STRIP = NO;
				DEBUG_INFORMATION_FORMAT = "dwarf-with-dsym";
				ENABLE_NS_ASSERTIONS = NO;
				ENABLE_STRICT_OBJC_MSGSEND = YES;
				GCC_C_LANGUAGE_STANDARD = gnu99;
				GCC_NO_COMMON_BLOCKS = YES;
				GCC_WARN_64_TO_32_BIT_CONVERSION = YES;
				GCC_WARN_ABOUT_RETURN_TYPE = YES_ERROR;
				GCC_WARN_UNDECLARED_SELECTOR = YES;
				GCC_WARN_UNINITIALIZED_AUTOS = YES_AGGRESSIVE;
				GCC_WARN_UNUSED_FUNCTION = YES;
				GCC_WARN_UNUSED_VARIABLE = YES;
				IPHONEOS_DEPLOYMENT_TARGET = 10.3;
				MTL_ENABLE_DEBUG_INFO = NO;
				SDKROOT = iphoneos;
				VALIDATE_PRODUCT = YES;
			};
			name = Release;
		};
		21B87E011F3968A700D3563C /* Debug */ = {
			isa = XCBuildConfiguration;
			buildSettings = {
				ASSETCATALOG_COMPILER_APPICON_NAME = AppIcon;
				DEVELOPMENT_TEAM = 246A9D29DN;
				INFOPLIST_FILE = "Fill-Select/Info.plist";
				LD_RUNPATH_SEARCH_PATHS = "$(inherited) @executable_path/Frameworks";
				PRODUCT_BUNDLE_IDENTIFIER = "com.TulipSport.Fill-Select";
				PRODUCT_NAME = "$(TARGET_NAME)";
			};
			name = Debug;
		};
		21B87E021F3968A700D3563C /* Release */ = {
			isa = XCBuildConfiguration;
			buildSettings = {
				ASSETCATALOG_COMPILER_APPICON_NAME = AppIcon;
				DEVELOPMENT_TEAM = 246A9D29DN;
				INFOPLIST_FILE = "Fill-Select/Info.plist";
				LD_RUNPATH_SEARCH_PATHS = "$(inherited) @executable_path/Frameworks";
				PRODUCT_BUNDLE_IDENTIFIER = "com.TulipSport.Fill-Select";
				PRODUCT_NAME = "$(TARGET_NAME)";
			};
			name = Release;
		};
		21B87E041F3968A700D3563C /* Debug */ = {
			isa = XCBuildConfiguration;
			buildSettings = {
				BUNDLE_LOADER = "$(TEST_HOST)";
				DEVELOPMENT_TEAM = 246A9D29DN;
				INFOPLIST_FILE = "Fill-SelectTests/Info.plist";
				LD_RUNPATH_SEARCH_PATHS = "$(inherited) @executable_path/Frameworks @loader_path/Frameworks";
				PRODUCT_BUNDLE_IDENTIFIER = "com.TulipSport.Fill-SelectTests";
				PRODUCT_NAME = "$(TARGET_NAME)";
				TEST_HOST = "$(BUILT_PRODUCTS_DIR)/Fill-Select.app/Fill-Select";
			};
			name = Debug;
		};
		21B87E051F3968A700D3563C /* Release */ = {
			isa = XCBuildConfiguration;
			buildSettings = {
				BUNDLE_LOADER = "$(TEST_HOST)";
				DEVELOPMENT_TEAM = 246A9D29DN;
				INFOPLIST_FILE = "Fill-SelectTests/Info.plist";
				LD_RUNPATH_SEARCH_PATHS = "$(inherited) @executable_path/Frameworks @loader_path/Frameworks";
				PRODUCT_BUNDLE_IDENTIFIER = "com.TulipSport.Fill-SelectTests";
				PRODUCT_NAME = "$(TARGET_NAME)";
				TEST_HOST = "$(BUILT_PRODUCTS_DIR)/Fill-Select.app/Fill-Select";
			};
			name = Release;
		};
		21B87E071F3968A700D3563C /* Debug */ = {
			isa = XCBuildConfiguration;
			buildSettings = {
				DEVELOPMENT_TEAM = 246A9D29DN;
				INFOPLIST_FILE = "Fill-SelectUITests/Info.plist";
				LD_RUNPATH_SEARCH_PATHS = "$(inherited) @executable_path/Frameworks @loader_path/Frameworks";
				PRODUCT_BUNDLE_IDENTIFIER = "com.TulipSport.Fill-SelectUITests";
				PRODUCT_NAME = "$(TARGET_NAME)";
				TEST_TARGET_NAME = "Fill-Select";
			};
			name = Debug;
		};
		21B87E081F3968A700D3563C /* Release */ = {
			isa = XCBuildConfiguration;
			buildSettings = {
				DEVELOPMENT_TEAM = 246A9D29DN;
				INFOPLIST_FILE = "Fill-SelectUITests/Info.plist";
				LD_RUNPATH_SEARCH_PATHS = "$(inherited) @executable_path/Frameworks @loader_path/Frameworks";
				PRODUCT_BUNDLE_IDENTIFIER = "com.TulipSport.Fill-SelectUITests";
				PRODUCT_NAME = "$(TARGET_NAME)";
				TEST_TARGET_NAME = "Fill-Select";
			};
			name = Release;
		};
/* End XCBuildConfiguration section */

/* Begin XCConfigurationList section */
		21B87DCE1F3968A700D3563C /* Build configuration list for PBXProject "Fill-Select" */ = {
			isa = XCConfigurationList;
			buildConfigurations = (
				21B87DFE1F3968A700D3563C /* Debug */,
				21B87DFF1F3968A700D3563C /* Release */,
			);
			defaultConfigurationIsVisible = 0;
			defaultConfigurationName = Release;
		};
		21B87E001F3968A700D3563C /* Build configuration list for PBXNativeTarget "Fill-Select" */ = {
			isa = XCConfigurationList;
			buildConfigurations = (
				21B87E011F3968A700D3563C /* Debug */,
				21B87E021F3968A700D3563C /* Release */,
			);
			defaultConfigurationIsVisible = 0;
		};
		21B87E031F3968A700D3563C /* Build configuration list for PBXNativeTarget "Fill-SelectTests" */ = {
			isa = XCConfigurationList;
			buildConfigurations = (
				21B87E041F3968A700D3563C /* Debug */,
				21B87E051F3968A700D3563C /* Release */,
			);
			defaultConfigurationIsVisible = 0;
		};
		21B87E061F3968A700D3563C /* Build configuration list for PBXNativeTarget "Fill-SelectUITests" */ = {
			isa = XCConfigurationList;
			buildConfigurations = (
				21B87E071F3968A700D3563C /* Debug */,
				21B87E081F3968A700D3563C /* Release */,
			);
			defaultConfigurationIsVisible = 0;
		};
/* End XCConfigurationList section */
	};
	rootObject = 21B87DCB1F3968A700D3563C /* Project object */;
}
